
Microsoft Visual Studio Solution File, Format Version 12.00
# Visual Studio Version 17
VisualStudioVersion = 17.14.36414.22
MinimumVisualStudioVersion = 10.0.40219.1
Project("{2150E333-8FDC-42A3-9474-1A3956D46DE8}") = "Task0", "Task0", "{36D591C7-65C7-A0D1-1CBC-10CDE441BDC8}"
EndProject
Project("{FAE04EC0-301F-11D3-BF4B-00C04F79EFBC}") = "Tyuiu.SimkinOA.Sprint0.Task0.V0", "Tyuiu.SimkinOA.Sprint0.Task0.V0\Tyuiu.SimkinOA.Sprint0.Task0.V0.csproj", "{CE238F29-60D1-4D01-A69B-ED966DDFAC47}"
EndProject
Project("{2150E333-8FDC-42A3-9474-1A3956D46DE8}") = "Task1", "Task1", "{09BEF4B0-CF3D-4059-9C1A-33FA27924E2C}"
EndProject
Project("{FAE04EC0-301F-11D3-BF4B-00C04F79EFBC}") = "Tyuiu.SimkinOA.Sprint0.Task1.V0", "Tyuiu.SimkinOA.Sprint0.Task1.V0\Tyuiu.SimkinOA.Sprint0.Task1.V0.csproj", "{EAA6B059-99D8-43AD-8488-F159B305FB0E}"
EndProject
Project("{2150E333-8FDC-42A3-9474-1A3956D46DE8}") = "Task2", "Task2", "{FC2E700A-5579-4BF6-80D1-1A955BC65034}"
EndProject
Project("{FAE04EC0-301F-11D3-BF4B-00C04F79EFBC}") = "Tyuiu.SimkinOA.Sprint0.Task2.V0", "Tyuiu.SimkinOA.Sprint0.Task2.V0\Tyuiu.SimkinOA.Sprint0.Task2.V0.csproj", "{8FE6B554-8693-403D-936A-72777FA22AAF}"
EndProject
Project("{FAE04EC0-301F-11D3-BF4B-00C04F79EFBC}") = "Tyuiu.SimkinOA.Sprint0.Task2.V0.Lib", "Tyuiu.SimkinOA.Sprint0.Task2.V0.Lib\Tyuiu.SimkinOA.Sprint0.Task2.V0.Lib.csproj", "{8B3D028C-0EA8-441A-A629-4ACC720F478C}"
EndProject
Project("{FAE04EC0-301F-11D3-BF4B-00C04F79EFBC}") = "Tyuiu.SimkinOA.Sprint0.Task2.V0.Test", "Tyuiu.SimkinOA.Sprint0.Task2.V0.Test\Tyuiu.SimkinOA.Sprint0.Task2.V0.Test.csproj", "{EF35A015-88BA-4670-81F6-1B6EEA58C8C8}"
EndProject
Project("{2150E333-8FDC-42A3-9474-1A3956D46DE8}") = "Task3", "Task3", "{54103C66-1DF2-4866-94F7-B58B819A71A2}"
EndProject
Project("{FAE04EC0-301F-11D3-BF4B-00C04F79EFBC}") = "Tyuiu.SimkinOA.Sprint0.Task3.V0", "Tyuiu.SimkinOA.Sprint0.Task3.V0\Tyuiu.SimkinOA.Sprint0.Task3.V0.csproj", "{BC5C1A6E-B5A8-41EA-A19F-5BF1F1993B10}"
EndProject
Project("{FAE04EC0-301F-11D3-BF4B-00C04F79EFBC}") = "Tyuiu.SimkinOA.Sprint0.Task3.V0.Test", "Tyuiu.SimkinOA.Sprint0.Task3.V0.Test\Tyuiu.SimkinOA.Sprint0.Task3.V0.Test.csproj", "{722AF3A1-0451-4A37-880D-AB4463C2C93A}"
EndProject
Project("{FAE04EC0-301F-11D3-BF4B-00C04F79EFBC}") = "Tyuiu.SimkinOA.Sprint0.Task3.V0.Lib", "Tyuiu.SimkinOA.Sprint0.Task3.V0.Lib\Tyuiu.SimkinOA.Sprint0.Task3.V0.Lib.csproj", "{1C49FA19-BDAF-4E1B-822B-1461FB29BFAD}"
EndProject
Project("{2150E333-8FDC-42A3-9474-1A3956D46DE8}") = "Task4", "Task4", "{A0570947-81D8-4C2B-AB98-3ACC50C8BEE4}"
EndProject
Project("{FAE04EC0-301F-11D3-BF4B-00C04F79EFBC}") = "Tyuiu.SimkinOA.Sprint0.Task4.V0.Test", "Tyuiu.SimkinOA.Sprint0.Task4.V0.Test\Tyuiu.SimkinOA.Sprint0.Task4.V0.Test.csproj", "{9DF9B021-4BBF-4B03-B212-F95D5E4C2980}"
EndProject
Project("{FAE04EC0-301F-11D3-BF4B-00C04F79EFBC}") = "Tyuiu.SimkinOA.Sprint0.Task4.V0.Lib", "Tyuiu.SimkinOA.Sprint0.Task4.V0.Lib\Tyuiu.SimkinOA.Sprint0.Task4.V0.Lib.csproj", "{266A002E-DD28-4685-80DE-1D65F1028D3C}"
EndProject
Project("{FAE04EC0-301F-11D3-BF4B-00C04F79EFBC}") = "Tyuiu.SimkinOA.Sprint0.Task4.V0", "Tyuiu.SimkinOA.Sprint0.Task4.V0\Tyuiu.SimkinOA.Sprint0.Task4.V0.csproj", "{9079D977-DDF7-4F1E-AEA7-702AF6D2740E}"
EndProject
Global
	GlobalSection(SolutionConfigurationPlatforms) = preSolution
		Debug|Any CPU = Debug|Any CPU
		Release|Any CPU = Release|Any CPU
	EndGlobalSection
	GlobalSection(ProjectConfigurationPlatforms) = postSolution
		{CE238F29-60D1-4D01-A69B-ED966DDFAC47}.Debug|Any CPU.ActiveCfg = Debug|Any CPU
		{CE238F29-60D1-4D01-A69B-ED966DDFAC47}.Debug|Any CPU.Build.0 = Debug|Any CPU
		{CE238F29-60D1-4D01-A69B-ED966DDFAC47}.Release|Any CPU.ActiveCfg = Release|Any CPU
		{CE238F29-60D1-4D01-A69B-ED966DDFAC47}.Release|Any CPU.Build.0 = Release|Any CPU
		{EAA6B059-99D8-43AD-8488-F159B305FB0E}.Debug|Any CPU.ActiveCfg = Debug|Any CPU
		{EAA6B059-99D8-43AD-8488-F159B305FB0E}.Debug|Any CPU.Build.0 = Debug|Any CPU
		{EAA6B059-99D8-43AD-8488-F159B305FB0E}.Release|Any CPU.ActiveCfg = Release|Any CPU
		{EAA6B059-99D8-43AD-8488-F159B305FB0E}.Release|Any CPU.Build.0 = Release|Any CPU
		{8FE6B554-8693-403D-936A-72777FA22AAF}.Debug|Any CPU.ActiveCfg = Debug|Any CPU
		{8FE6B554-8693-403D-936A-72777FA22AAF}.Debug|Any CPU.Build.0 = Debug|Any CPU
		{8FE6B554-8693-403D-936A-72777FA22AAF}.Release|Any CPU.ActiveCfg = Release|Any CPU
		{8FE6B554-8693-403D-936A-72777FA22AAF}.Release|Any CPU.Build.0 = Release|Any CPU
		{8B3D028C-0EA8-441A-A629-4ACC720F478C}.Debug|Any CPU.ActiveCfg = Debug|Any CPU
		{8B3D028C-0EA8-441A-A629-4ACC720F478C}.Debug|Any CPU.Build.0 = Debug|Any CPU
		{8B3D028C-0EA8-441A-A629-4ACC720F478C}.Release|Any CPU.ActiveCfg = Release|Any CPU
		{8B3D028C-0EA8-441A-A629-4ACC720F478C}.Release|Any CPU.Build.0 = Release|Any CPU
		{EF35A015-88BA-4670-81F6-1B6EEA58C8C8}.Debug|Any CPU.ActiveCfg = Debug|Any CPU
		{EF35A015-88BA-4670-81F6-1B6EEA58C8C8}.Debug|Any CPU.Build.0 = Debug|Any CPU
		{EF35A015-88BA-4670-81F6-1B6EEA58C8C8}.Release|Any CPU.ActiveCfg = Release|Any CPU
		{EF35A015-88BA-4670-81F6-1B6EEA58C8C8}.Release|Any CPU.Build.0 = Release|Any CPU
		{BC5C1A6E-B5A8-41EA-A19F-5BF1F1993B10}.Debug|Any CPU.ActiveCfg = Debug|Any CPU
		{BC5C1A6E-B5A8-41EA-A19F-5BF1F1993B10}.Debug|Any CPU.Build.0 = Debug|Any CPU
		{BC5C1A6E-B5A8-41EA-A19F-5BF1F1993B10}.Release|Any CPU.ActiveCfg = Release|Any CPU
		{BC5C1A6E-B5A8-41EA-A19F-5BF1F1993B10}.Release|Any CPU.Build.0 = Release|Any CPU
		{722AF3A1-0451-4A37-880D-AB4463C2C93A}.Debug|Any CPU.ActiveCfg = Debug|Any CPU
		{722AF3A1-0451-4A37-880D-AB4463C2C93A}.Debug|Any CPU.Build.0 = Debug|Any CPU
		{722AF3A1-0451-4A37-880D-AB4463C2C93A}.Release|Any CPU.ActiveCfg = Release|Any CPU
		{722AF3A1-0451-4A37-880D-AB4463C2C93A}.Release|Any CPU.Build.0 = Release|Any CPU
		{1C49FA19-BDAF-4E1B-822B-1461FB29BFAD}.Debug|Any CPU.ActiveCfg = Debug|Any CPU
		{1C49FA19-BDAF-4E1B-822B-1461FB29BFAD}.Debug|Any CPU.Build.0 = Debug|Any CPU
		{1C49FA19-BDAF-4E1B-822B-1461FB29BFAD}.Release|Any CPU.ActiveCfg = Release|Any CPU
		{1C49FA19-BDAF-4E1B-822B-1461FB29BFAD}.Release|Any CPU.Build.0 = Release|Any CPU
		{9DF9B021-4BBF-4B03-B212-F95D5E4C2980}.Debug|Any CPU.ActiveCfg = Debug|Any CPU
		{9DF9B021-4BBF-4B03-B212-F95D5E4C2980}.Debug|Any CPU.Build.0 = Debug|Any CPU
		{9DF9B021-4BBF-4B03-B212-F95D5E4C2980}.Release|Any CPU.ActiveCfg = Release|Any CPU
		{9DF9B021-4BBF-4B03-B212-F95D5E4C2980}.Release|Any CPU.Build.0 = Release|Any CPU
		{266A002E-DD28-4685-80DE-1D65F1028D3C}.Debug|Any CPU.ActiveCfg = Debug|Any CPU
		{266A002E-DD28-4685-80DE-1D65F1028D3C}.Debug|Any CPU.Build.0 = Debug|Any CPU
		{266A002E-DD28-4685-80DE-1D65F1028D3C}.Release|Any CPU.ActiveCfg = Release|Any CPU
		{266A002E-DD28-4685-80DE-1D65F1028D3C}.Release|Any CPU.Build.0 = Release|Any CPU
		{9079D977-DDF7-4F1E-AEA7-702AF6D2740E}.Debug|Any CPU.ActiveCfg = Debug|Any CPU
		{9079D977-DDF7-4F1E-AEA7-702AF6D2740E}.Debug|Any CPU.Build.0 = Debug|Any CPU
		{9079D977-DDF7-4F1E-AEA7-702AF6D2740E}.Release|Any CPU.ActiveCfg = Release|Any CPU
		{9079D977-DDF7-4F1E-AEA7-702AF6D2740E}.Release|Any CPU.Build.0 = Release|Any CPU
	EndGlobalSection
	GlobalSection(SolutionProperties) = preSolution
		HideSolutionNode = FALSE
	EndGlobalSection
	GlobalSection(NestedProjects) = preSolution
		{CE238F29-60D1-4D01-A69B-ED966DDFAC47} = {36D591C7-65C7-A0D1-1CBC-10CDE441BDC8}
		{EAA6B059-99D8-43AD-8488-F159B305FB0E} = {09BEF4B0-CF3D-4059-9C1A-33FA27924E2C}
		{8FE6B554-8693-403D-936A-72777FA22AAF} = {FC2E700A-5579-4BF6-80D1-1A955BC65034}
		{8B3D028C-0EA8-441A-A629-4ACC720F478C} = {FC2E700A-5579-4BF6-80D1-1A955BC65034}
		{EF35A015-88BA-4670-81F6-1B6EEA58C8C8} = {FC2E700A-5579-4BF6-80D1-1A955BC65034}
		{BC5C1A6E-B5A8-41EA-A19F-5BF1F1993B10} = {54103C66-1DF2-4866-94F7-B58B819A71A2}
		{722AF3A1-0451-4A37-880D-AB4463C2C93A} = {54103C66-1DF2-4866-94F7-B58B819A71A2}
		{1C49FA19-BDAF-4E1B-822B-1461FB29BFAD} = {54103C66-1DF2-4866-94F7-B58B819A71A2}
		{9DF9B021-4BBF-4B03-B212-F95D5E4C2980} = {A0570947-81D8-4C2B-AB98-3ACC50C8BEE4}
		{266A002E-DD28-4685-80DE-1D65F1028D3C} = {A0570947-81D8-4C2B-AB98-3ACC50C8BEE4}
		{9079D977-DDF7-4F1E-AEA7-702AF6D2740E} = {A0570947-81D8-4C2B-AB98-3ACC50C8BEE4}
	EndGlobalSection
	GlobalSection(ExtensibilityGlobals) = postSolution
		SolutionGuid = {48513D8C-B36C-445F-9499-848102340531}
	EndGlobalSection
EndGlobal
